{
  "name": "ajs-platforms-step7",
  "version": "1.0.0",
  "lockfileVersion": 1,
  "requires": true,
  "dependencies": {
    "@valerie-sidman/ajs": {
      "version": "1.0.0",
      "resolved": "https://npm.pkg.github.com/download/@valerie-sidman/ajs/1.0.0/263d035d077cc5c80bba7e116791831d26d23449ecb4f30390b9f03f47bfdbd9",
      "integrity": "sha512-CaaZUkkOOBOt72ASsOJy2+TNRoJ2lKv7WdwVaHFI3Cx7VOU3BHNiCZgVcDo+JoLR7A1SRWBDN5JHJte4aEtwUg=="
    }
  }
}
